
Microsoft Visual Studio Solution File, Format Version 12.00
# Visual Studio 15
VisualStudioVersion = 15.0.28307.539
MinimumVisualStudioVersion = 10.0.40219.1
Project("{FAE04EC0-301F-11D3-BF4B-00C04F79EFBC}") = "FeastOnBeast", "FeastOnBeast\FeastOnBeast.csproj", "{B3C1E2EE-E5C1-4901-8E86-CA0D3186313D}"
EndProject
Global
	GlobalSection(SolutionConfigurationPlatforms) = preSolution
		Debug|Any CPU = Debug|Any CPU
		Release|Any CPU = Release|Any CPU
	EndGlobalSection
	GlobalSection(ProjectConfigurationPlatforms) = postSolution
		{B3C1E2EE-E5C1-4901-8E86-CA0D3186313D}.Debug|Any CPU.ActiveCfg = Debug|Any CPU
		{B3C1E2EE-E5C1-4901-8E86-CA0D3186313D}.Debug|Any CPU.Build.0 = Debug|Any CPU
		{B3C1E2EE-E5C1-4901-8E86-CA0D3186313D}.Release|Any CPU.ActiveCfg = Release|Any CPU
		{B3C1E2EE-E5C1-4901-8E86-CA0D3186313D}.Release|Any CPU.Build.0 = Release|Any CPU
	EndGlobalSection
	GlobalSection(SolutionProperties) = preSolution
		HideSolutionNode = FALSE
	EndGlobalSection
	GlobalSection(ExtensibilityGlobals) = postSolution
		SolutionGuid = {89AFB86E-0B19-42DF-A129-20186C5B9E90}
	EndGlobalSection
EndGlobal
